
Microsoft Visual Studio Solution File, Format Version 12.00
# Visual Studio Version 16
VisualStudioVersion = 16.0.30309.148
MinimumVisualStudioVersion = 10.0.40219.1
Project("{FAE04EC0-301F-11D3-BF4B-00C04F79EFBC}") = "uppu-api", "uppu-api\uppu-api.csproj", "{9295032D-44D6-48DD-AC8E-10E09E2F266E}"
EndProject
Global
	GlobalSection(SolutionConfigurationPlatforms) = preSolution
		Debug|Any CPU = Debug|Any CPU
		Release|Any CPU = Release|Any CPU
	EndGlobalSection
	GlobalSection(ProjectConfigurationPlatforms) = postSolution
		{9295032D-44D6-48DD-AC8E-10E09E2F266E}.Debug|Any CPU.ActiveCfg = Debug|Any CPU
		{9295032D-44D6-48DD-AC8E-10E09E2F266E}.Debug|Any CPU.Build.0 = Debug|Any CPU
		{9295032D-44D6-48DD-AC8E-10E09E2F266E}.Release|Any CPU.ActiveCfg = Release|Any CPU
		{9295032D-44D6-48DD-AC8E-10E09E2F266E}.Release|Any CPU.Build.0 = Release|Any CPU
	EndGlobalSection
	GlobalSection(SolutionProperties) = preSolution
		HideSolutionNode = FALSE
	EndGlobalSection
	GlobalSection(ExtensibilityGlobals) = postSolution
		SolutionGuid = {8A6A8986-A2A0-4C20-8D25-BDFE1E059D47}
	EndGlobalSection
EndGlobal
